
Microsoft Visual Studio Solution File, Format Version 12.00
# Visual Studio Version 16
VisualStudioVersion = 16.0.30223.230
MinimumVisualStudioVersion = 10.0.40219.1
Project("{9A19103F-16F7-4668-BE54-9A1E7A4F7556}") = "CleanArchitecture.Services", "CleanArchitecture.Services\CleanArchitecture.Services.csproj", "{C1F875B0-40CA-41B6-B24C-947D5A9B062C}"
EndProject
Project("{9A19103F-16F7-4668-BE54-9A1E7A4F7556}") = "CleanArchitecture.Services.Tests", "CleanArchitecture.Services.Tests\CleanArchitecture.Services.Tests.csproj", "{65550C07-183A-4D44-9818-13312348A0B5}"
EndProject
Project("{9A19103F-16F7-4668-BE54-9A1E7A4F7556}") = "CleanArchitecture.Example.Domain", "CleanArchitecture.Example.Domain\CleanArchitecture.Example.Domain.csproj", "{D670CFD7-1F8A-44AC-A48F-BCB73383AEA4}"
EndProject
Project("{9A19103F-16F7-4668-BE54-9A1E7A4F7556}") = "CleanArchitecture.Example.Application", "CleanArchitecture.Example.Application\CleanArchitecture.Example.Application.csproj", "{29A7014B-93DC-4BD8-886D-109178FDC955}"
EndProject
Project("{9A19103F-16F7-4668-BE54-9A1E7A4F7556}") = "CleanArchitecture.Example.Application.Tests", "CleanArchitecture.Example.Application.Tests\CleanArchitecture.Example.Application.Tests.csproj", "{2A5045F3-97F6-4D94-81B2-E386FBC89044}"
EndProject
Project("{9A19103F-16F7-4668-BE54-9A1E7A4F7556}") = "CleanArchitecture.Example.InterfaceAdapters", "CleanArchitecture.Example.InterfaceAdapters\CleanArchitecture.Example.InterfaceAdapters.csproj", "{223C2134-6406-4113-94BC-6CD3BE9AF704}"
EndProject
Project("{FAE04EC0-301F-11D3-BF4B-00C04F79EFBC}") = "CleanArchitecture.Example.InterfaceAdapters.Tests", "CleanArchitecture.Example.InterfaceAdapters.Tests\CleanArchitecture.Example.InterfaceAdapters.Tests.csproj", "{904D1A64-8C10-453C-9427-A4C822D0FA48}"
EndProject
Global
	GlobalSection(SolutionConfigurationPlatforms) = preSolution
		Debug|Any CPU = Debug|Any CPU
		Release|Any CPU = Release|Any CPU
	EndGlobalSection
	GlobalSection(ProjectConfigurationPlatforms) = postSolution
		{C1F875B0-40CA-41B6-B24C-947D5A9B062C}.Debug|Any CPU.ActiveCfg = Debug|Any CPU
		{C1F875B0-40CA-41B6-B24C-947D5A9B062C}.Debug|Any CPU.Build.0 = Debug|Any CPU
		{C1F875B0-40CA-41B6-B24C-947D5A9B062C}.Release|Any CPU.ActiveCfg = Release|Any CPU
		{C1F875B0-40CA-41B6-B24C-947D5A9B062C}.Release|Any CPU.Build.0 = Release|Any CPU
		{65550C07-183A-4D44-9818-13312348A0B5}.Debug|Any CPU.ActiveCfg = Debug|Any CPU
		{65550C07-183A-4D44-9818-13312348A0B5}.Debug|Any CPU.Build.0 = Debug|Any CPU
		{65550C07-183A-4D44-9818-13312348A0B5}.Release|Any CPU.ActiveCfg = Release|Any CPU
		{65550C07-183A-4D44-9818-13312348A0B5}.Release|Any CPU.Build.0 = Release|Any CPU
		{D670CFD7-1F8A-44AC-A48F-BCB73383AEA4}.Debug|Any CPU.ActiveCfg = Debug|Any CPU
		{D670CFD7-1F8A-44AC-A48F-BCB73383AEA4}.Debug|Any CPU.Build.0 = Debug|Any CPU
		{D670CFD7-1F8A-44AC-A48F-BCB73383AEA4}.Release|Any CPU.ActiveCfg = Release|Any CPU
		{D670CFD7-1F8A-44AC-A48F-BCB73383AEA4}.Release|Any CPU.Build.0 = Release|Any CPU
		{29A7014B-93DC-4BD8-886D-109178FDC955}.Debug|Any CPU.ActiveCfg = Debug|Any CPU
		{29A7014B-93DC-4BD8-886D-109178FDC955}.Debug|Any CPU.Build.0 = Debug|Any CPU
		{29A7014B-93DC-4BD8-886D-109178FDC955}.Release|Any CPU.ActiveCfg = Release|Any CPU
		{29A7014B-93DC-4BD8-886D-109178FDC955}.Release|Any CPU.Build.0 = Release|Any CPU
		{2A5045F3-97F6-4D94-81B2-E386FBC89044}.Debug|Any CPU.ActiveCfg = Debug|Any CPU
		{2A5045F3-97F6-4D94-81B2-E386FBC89044}.Debug|Any CPU.Build.0 = Debug|Any CPU
		{2A5045F3-97F6-4D94-81B2-E386FBC89044}.Release|Any CPU.ActiveCfg = Release|Any CPU
		{2A5045F3-97F6-4D94-81B2-E386FBC89044}.Release|Any CPU.Build.0 = Release|Any CPU
		{223C2134-6406-4113-94BC-6CD3BE9AF704}.Debug|Any CPU.ActiveCfg = Debug|Any CPU
		{223C2134-6406-4113-94BC-6CD3BE9AF704}.Debug|Any CPU.Build.0 = Debug|Any CPU
		{223C2134-6406-4113-94BC-6CD3BE9AF704}.Release|Any CPU.ActiveCfg = Release|Any CPU
		{223C2134-6406-4113-94BC-6CD3BE9AF704}.Release|Any CPU.Build.0 = Release|Any CPU
		{904D1A64-8C10-453C-9427-A4C822D0FA48}.Debug|Any CPU.ActiveCfg = Debug|Any CPU
		{904D1A64-8C10-453C-9427-A4C822D0FA48}.Debug|Any CPU.Build.0 = Debug|Any CPU
		{904D1A64-8C10-453C-9427-A4C822D0FA48}.Release|Any CPU.ActiveCfg = Release|Any CPU
		{904D1A64-8C10-453C-9427-A4C822D0FA48}.Release|Any CPU.Build.0 = Release|Any CPU
	EndGlobalSection
	GlobalSection(SolutionProperties) = preSolution
		HideSolutionNode = FALSE
	EndGlobalSection
	GlobalSection(ExtensibilityGlobals) = postSolution
		SolutionGuid = {44F051C3-0F9A-458E-A0B3-211C985AD68D}
	EndGlobalSection
EndGlobal
